
Microsoft Visual Studio Solution File, Format Version 12.00
# Visual Studio Version 17
VisualStudioVersion = 17.9.34622.214
MinimumVisualStudioVersion = 10.0.40219.1
Project("{FAE04EC0-301F-11D3-BF4B-00C04F79EFBC}") = "PREFINALS_AUTH", "PREFINALS_AUTH\PREFINALS_AUTH.csproj", "{F5B10122-2968-4075-B7D3-24599312558B}"
EndProject
Global
	GlobalSection(SolutionConfigurationPlatforms) = preSolution
		Debug|Any CPU = Debug|Any CPU
		Release|Any CPU = Release|Any CPU
	EndGlobalSection
	GlobalSection(ProjectConfigurationPlatforms) = postSolution
		{F5B10122-2968-4075-B7D3-24599312558B}.Debug|Any CPU.ActiveCfg = Debug|Any CPU
		{F5B10122-2968-4075-B7D3-24599312558B}.Debug|Any CPU.Build.0 = Debug|Any CPU
		{F5B10122-2968-4075-B7D3-24599312558B}.Release|Any CPU.ActiveCfg = Release|Any CPU
		{F5B10122-2968-4075-B7D3-24599312558B}.Release|Any CPU.Build.0 = Release|Any CPU
	EndGlobalSection
	GlobalSection(SolutionProperties) = preSolution
		HideSolutionNode = FALSE
	EndGlobalSection
	GlobalSection(ExtensibilityGlobals) = postSolution
		SolutionGuid = {C5C3B7EC-9C3A-486C-9C34-61842F0B566D}
	EndGlobalSection
EndGlobal
